
Microsoft Visual Studio Solution File, Format Version 12.00
# Visual Studio Version 17
VisualStudioVersion = 17.2.32616.157
MinimumVisualStudioVersion = 10.0.40219.1
Project("{FAE04EC0-301F-11D3-BF4B-00C04F79EFBC}") = "PaymentsTrackingSystem", "PaymentsTrackingSystem\PaymentsTrackingSystem.csproj", "{A510E97D-8FFF-42E5-A603-9FE8B4B68D66}"
EndProject
Global
	GlobalSection(SolutionConfigurationPlatforms) = preSolution
		Debug|Any CPU = Debug|Any CPU
		Release|Any CPU = Release|Any CPU
	EndGlobalSection
	GlobalSection(ProjectConfigurationPlatforms) = postSolution
		{A510E97D-8FFF-42E5-A603-9FE8B4B68D66}.Debug|Any CPU.ActiveCfg = Debug|Any CPU
		{A510E97D-8FFF-42E5-A603-9FE8B4B68D66}.Debug|Any CPU.Build.0 = Debug|Any CPU
		{A510E97D-8FFF-42E5-A603-9FE8B4B68D66}.Release|Any CPU.ActiveCfg = Release|Any CPU
		{A510E97D-8FFF-42E5-A603-9FE8B4B68D66}.Release|Any CPU.Build.0 = Release|Any CPU
	EndGlobalSection
	GlobalSection(SolutionProperties) = preSolution
		HideSolutionNode = FALSE
	EndGlobalSection
	GlobalSection(ExtensibilityGlobals) = postSolution
		SolutionGuid = {79DD2688-604D-4E5C-8E61-1B4811279F57}
	EndGlobalSection
EndGlobal
